
Microsoft Visual Studio Solution File, Format Version 12.00
# Visual Studio Version 17
VisualStudioVersion = 17.9.34714.143
MinimumVisualStudioVersion = 10.0.40219.1
Project("{9A19103F-16F7-4668-BE54-9A1E7A4F7556}") = "SimConnector", "SimConnector\SimConnector.csproj", "{EA5BCEBC-080E-4751-BC5D-E40011A27F10}"
EndProject
Global
	GlobalSection(SolutionConfigurationPlatforms) = preSolution
		Debug|Any CPU = Debug|Any CPU
		Release|Any CPU = Release|Any CPU
	EndGlobalSection
	GlobalSection(ProjectConfigurationPlatforms) = postSolution
		{EA5BCEBC-080E-4751-BC5D-E40011A27F10}.Debug|Any CPU.ActiveCfg = Debug|Any CPU
		{EA5BCEBC-080E-4751-BC5D-E40011A27F10}.Debug|Any CPU.Build.0 = Debug|Any CPU
		{EA5BCEBC-080E-4751-BC5D-E40011A27F10}.Release|Any CPU.ActiveCfg = Release|Any CPU
		{EA5BCEBC-080E-4751-BC5D-E40011A27F10}.Release|Any CPU.Build.0 = Release|Any CPU
	EndGlobalSection
	GlobalSection(SolutionProperties) = preSolution
		HideSolutionNode = FALSE
	EndGlobalSection
	GlobalSection(ExtensibilityGlobals) = postSolution
		SolutionGuid = {9E76F08B-62E4-44B9-8BD6-97F7D812AD7D}
	EndGlobalSection
EndGlobal
